
Microsoft Visual Studio Solution File, Format Version 12.00
Project("{FAE04EC0-301F-11D3-BF4B-00C04F79EFBC}") = "LABO12", "LABO12\LABO12.csproj", "{F0E48DFB-D3E1-44D3-A8B1-A92DBAE6E15F}"
EndProject
Global
	GlobalSection(SolutionConfigurationPlatforms) = preSolution
		Debug|Any CPU = Debug|Any CPU
		Release|Any CPU = Release|Any CPU
	EndGlobalSection
	GlobalSection(ProjectConfigurationPlatforms) = postSolution
		{F0E48DFB-D3E1-44D3-A8B1-A92DBAE6E15F}.Debug|Any CPU.ActiveCfg = Debug|Any CPU
		{F0E48DFB-D3E1-44D3-A8B1-A92DBAE6E15F}.Debug|Any CPU.Build.0 = Debug|Any CPU
		{F0E48DFB-D3E1-44D3-A8B1-A92DBAE6E15F}.Release|Any CPU.ActiveCfg = Release|Any CPU
		{F0E48DFB-D3E1-44D3-A8B1-A92DBAE6E15F}.Release|Any CPU.Build.0 = Release|Any CPU
	EndGlobalSection
EndGlobal
